
Microsoft Visual Studio Solution File, Format Version 12.00
# Visual Studio Version 17
VisualStudioVersion = 17.14.37111.16
MinimumVisualStudioVersion = 10.0.40219.1
Project("{FAE04EC0-301F-11D3-BF4B-00C04F79EFBC}") = "Abstracciones", "Abstracciones\Abstracciones.csproj", "{3EAB4E80-0796-40AF-8308-EA4A44D608E3}"
EndProject
Project("{FAE04EC0-301F-11D3-BF4B-00C04F79EFBC}") = "DA", "DA\DA.csproj", "{6DC6F1F7-C785-41C0-952E-6591CA33B5DF}"
EndProject
Project("{FAE04EC0-301F-11D3-BF4B-00C04F79EFBC}") = "Flujo", "Flujo\Flujo.csproj", "{828FED07-9409-48C6-9168-6D6FBEE30983}"
EndProject
Project("{FAE04EC0-301F-11D3-BF4B-00C04F79EFBC}") = "Reglas", "Reglas\Reglas.csproj", "{80B469DC-E9F6-4607-B461-575677969702}"
EndProject
Project("{FAE04EC0-301F-11D3-BF4B-00C04F79EFBC}") = "Servicios", "Servicios\Servicios.csproj", "{8F50B3DE-922F-4750-848B-D3231ABCF0F1}"
EndProject
Project("{00D1A9C2-B5F0-4AF3-8072-F6C62B433612}") = "BD", "BD\BD.sqlproj", "{CD9ECCA9-081A-4872-9C3B-E2E1F4FA4292}"
EndProject
Project("{FAE04EC0-301F-11D3-BF4B-00C04F79EFBC}") = "API", "..\..\..\Downloads\Vehiculo.API\API\API.csproj", "{8A4DCDA7-BA1B-B00B-6500-493F95D670C9}"
EndProject
Global
	GlobalSection(SolutionConfigurationPlatforms) = preSolution
		Debug|Any CPU = Debug|Any CPU
		Release|Any CPU = Release|Any CPU
	EndGlobalSection
	GlobalSection(ProjectConfigurationPlatforms) = postSolution
		{3EAB4E80-0796-40AF-8308-EA4A44D608E3}.Debug|Any CPU.ActiveCfg = Debug|Any CPU
		{3EAB4E80-0796-40AF-8308-EA4A44D608E3}.Debug|Any CPU.Build.0 = Debug|Any CPU
		{3EAB4E80-0796-40AF-8308-EA4A44D608E3}.Release|Any CPU.ActiveCfg = Release|Any CPU
		{3EAB4E80-0796-40AF-8308-EA4A44D608E3}.Release|Any CPU.Build.0 = Release|Any CPU
		{6DC6F1F7-C785-41C0-952E-6591CA33B5DF}.Debug|Any CPU.ActiveCfg = Debug|Any CPU
		{6DC6F1F7-C785-41C0-952E-6591CA33B5DF}.Debug|Any CPU.Build.0 = Debug|Any CPU
		{6DC6F1F7-C785-41C0-952E-6591CA33B5DF}.Release|Any CPU.ActiveCfg = Release|Any CPU
		{6DC6F1F7-C785-41C0-952E-6591CA33B5DF}.Release|Any CPU.Build.0 = Release|Any CPU
		{828FED07-9409-48C6-9168-6D6FBEE30983}.Debug|Any CPU.ActiveCfg = Debug|Any CPU
		{828FED07-9409-48C6-9168-6D6FBEE30983}.Debug|Any CPU.Build.0 = Debug|Any CPU
		{828FED07-9409-48C6-9168-6D6FBEE30983}.Release|Any CPU.ActiveCfg = Release|Any CPU
		{828FED07-9409-48C6-9168-6D6FBEE30983}.Release|Any CPU.Build.0 = Release|Any CPU
		{80B469DC-E9F6-4607-B461-575677969702}.Debug|Any CPU.ActiveCfg = Debug|Any CPU
		{80B469DC-E9F6-4607-B461-575677969702}.Debug|Any CPU.Build.0 = Debug|Any CPU
		{80B469DC-E9F6-4607-B461-575677969702}.Release|Any CPU.ActiveCfg = Release|Any CPU
		{80B469DC-E9F6-4607-B461-575677969702}.Release|Any CPU.Build.0 = Release|Any CPU
		{8F50B3DE-922F-4750-848B-D3231ABCF0F1}.Debug|Any CPU.ActiveCfg = Debug|Any CPU
		{8F50B3DE-922F-4750-848B-D3231ABCF0F1}.Debug|Any CPU.Build.0 = Debug|Any CPU
		{8F50B3DE-922F-4750-848B-D3231ABCF0F1}.Release|Any CPU.ActiveCfg = Release|Any CPU
		{8F50B3DE-922F-4750-848B-D3231ABCF0F1}.Release|Any CPU.Build.0 = Release|Any CPU
		{CD9ECCA9-081A-4872-9C3B-E2E1F4FA4292}.Debug|Any CPU.ActiveCfg = Debug|Any CPU
		{CD9ECCA9-081A-4872-9C3B-E2E1F4FA4292}.Debug|Any CPU.Build.0 = Debug|Any CPU
		{CD9ECCA9-081A-4872-9C3B-E2E1F4FA4292}.Debug|Any CPU.Deploy.0 = Debug|Any CPU
		{CD9ECCA9-081A-4872-9C3B-E2E1F4FA4292}.Release|Any CPU.ActiveCfg = Release|Any CPU
		{CD9ECCA9-081A-4872-9C3B-E2E1F4FA4292}.Release|Any CPU.Build.0 = Release|Any CPU
		{CD9ECCA9-081A-4872-9C3B-E2E1F4FA4292}.Release|Any CPU.Deploy.0 = Release|Any CPU
		{8A4DCDA7-BA1B-B00B-6500-493F95D670C9}.Debug|Any CPU.ActiveCfg = Debug|Any CPU
		{8A4DCDA7-BA1B-B00B-6500-493F95D670C9}.Debug|Any CPU.Build.0 = Debug|Any CPU
		{8A4DCDA7-BA1B-B00B-6500-493F95D670C9}.Release|Any CPU.ActiveCfg = Release|Any CPU
		{8A4DCDA7-BA1B-B00B-6500-493F95D670C9}.Release|Any CPU.Build.0 = Release|Any CPU
	EndGlobalSection
	GlobalSection(SolutionProperties) = preSolution
		HideSolutionNode = FALSE
	EndGlobalSection
	GlobalSection(ExtensibilityGlobals) = postSolution
		SolutionGuid = {80F32793-179B-4911-9D5F-400EE89D62E7}
	EndGlobalSection
EndGlobal
