
Microsoft Visual Studio Solution File, Format Version 12.00
# Visual Studio Version 17
VisualStudioVersion = 17.14.37111.16
MinimumVisualStudioVersion = 10.0.40219.1
Project("{FAE04EC0-301F-11D3-BF4B-00C04F79EFBC}") = "Abstracciones", "Abstracciones\Abstracciones.csproj", "{B0F0484C-D8B5-4F41-BF0E-78DD6D14D3D4}"
EndProject
Project("{FAE04EC0-301F-11D3-BF4B-00C04F79EFBC}") = "ProductoWeb", "ProductoWeb\ProductoWeb.csproj", "{DC245CD6-8C7E-4046-B51D-5982891BDD67}"
EndProject
Project("{FAE04EC0-301F-11D3-BF4B-00C04F79EFBC}") = "Reglas", "Reglas\Reglas.csproj", "{A7276C9E-3FE1-4B74-8CC9-6981DA720B6B}"
EndProject
Global
	GlobalSection(SolutionConfigurationPlatforms) = preSolution
		Debug|Any CPU = Debug|Any CPU
		Release|Any CPU = Release|Any CPU
	EndGlobalSection
	GlobalSection(ProjectConfigurationPlatforms) = postSolution
		{B0F0484C-D8B5-4F41-BF0E-78DD6D14D3D4}.Debug|Any CPU.ActiveCfg = Debug|Any CPU
		{B0F0484C-D8B5-4F41-BF0E-78DD6D14D3D4}.Debug|Any CPU.Build.0 = Debug|Any CPU
		{B0F0484C-D8B5-4F41-BF0E-78DD6D14D3D4}.Release|Any CPU.ActiveCfg = Release|Any CPU
		{B0F0484C-D8B5-4F41-BF0E-78DD6D14D3D4}.Release|Any CPU.Build.0 = Release|Any CPU
		{DC245CD6-8C7E-4046-B51D-5982891BDD67}.Debug|Any CPU.ActiveCfg = Debug|Any CPU
		{DC245CD6-8C7E-4046-B51D-5982891BDD67}.Debug|Any CPU.Build.0 = Debug|Any CPU
		{DC245CD6-8C7E-4046-B51D-5982891BDD67}.Release|Any CPU.ActiveCfg = Release|Any CPU
		{DC245CD6-8C7E-4046-B51D-5982891BDD67}.Release|Any CPU.Build.0 = Release|Any CPU
		{A7276C9E-3FE1-4B74-8CC9-6981DA720B6B}.Debug|Any CPU.ActiveCfg = Debug|Any CPU
		{A7276C9E-3FE1-4B74-8CC9-6981DA720B6B}.Debug|Any CPU.Build.0 = Debug|Any CPU
		{A7276C9E-3FE1-4B74-8CC9-6981DA720B6B}.Release|Any CPU.ActiveCfg = Release|Any CPU
		{A7276C9E-3FE1-4B74-8CC9-6981DA720B6B}.Release|Any CPU.Build.0 = Release|Any CPU
	EndGlobalSection
	GlobalSection(SolutionProperties) = preSolution
		HideSolutionNode = FALSE
	EndGlobalSection
	GlobalSection(ExtensibilityGlobals) = postSolution
		SolutionGuid = {5A340E7C-E5D1-47CB-8999-4ED10925235D}
	EndGlobalSection
EndGlobal
